
Microsoft Visual Studio Solution File, Format Version 12.00
# Visual Studio Version 17
VisualStudioVersion = 17.5.33530.505
MinimumVisualStudioVersion = 10.0.40219.1
Project("{FAE04EC0-301F-11D3-BF4B-00C04F79EFBC}") = "CSHARP_FINAL_PROJECT", "CSHARP_FINAL_PROJECT\CSHARP_FINAL_PROJECT.csproj", "{C33B6E22-719A-4931-A5C0-373B6655D6E1}"
EndProject
Global
	GlobalSection(SolutionConfigurationPlatforms) = preSolution
		Debug|Any CPU = Debug|Any CPU
		Release|Any CPU = Release|Any CPU
	EndGlobalSection
	GlobalSection(ProjectConfigurationPlatforms) = postSolution
		{C33B6E22-719A-4931-A5C0-373B6655D6E1}.Debug|Any CPU.ActiveCfg = Debug|Any CPU
		{C33B6E22-719A-4931-A5C0-373B6655D6E1}.Debug|Any CPU.Build.0 = Debug|Any CPU
		{C33B6E22-719A-4931-A5C0-373B6655D6E1}.Release|Any CPU.ActiveCfg = Release|Any CPU
		{C33B6E22-719A-4931-A5C0-373B6655D6E1}.Release|Any CPU.Build.0 = Release|Any CPU
	EndGlobalSection
	GlobalSection(SolutionProperties) = preSolution
		HideSolutionNode = FALSE
	EndGlobalSection
	GlobalSection(ExtensibilityGlobals) = postSolution
		SolutionGuid = {C9638E41-B600-4EB5-8694-B3BB6220DBA4}
	EndGlobalSection
EndGlobal
